# generated by rye
# use `rye lock` or `rye sync` to update this lockfile
#
# last locked with the following flags:
#   pre: false
#   features: []
#   all-features: false
#   with-sources: false
#   generate-hashes: false
#   universal: false

-e file:.
blinker==1.8.2
    # via flask
certifi==2024.8.30
    # via requests
charset-normalizer==3.3.2
    # via requests
click==8.1.7
    # via flask
flask==3.0.3
    # via cf-calls-getstreamio
    # via flask-cors
    # via flask-sock
flask-cors==5.0.0
    # via cf-calls-getstreamio
flask-sock==0.7.0
    # via cf-calls-getstreamio
grpcio==1.66.2
    # via cf-calls-getstreamio
    # via grpcio-tools
grpcio-tools==1.66.2
    # via cf-calls-getstreamio
h11==0.14.0
    # via wsproto
idna==3.10
    # via requests
itsdangerous==2.2.0
    # via flask
jinja2==3.1.4
    # via flask
markupsafe==2.1.5
    # via jinja2
    # via werkzeug
protobuf==5.28.2
    # via cf-calls-getstreamio
    # via grpcio-tools
requests==2.32.3
    # via cf-calls-getstreamio
setuptools==75.1.0
    # via grpcio-tools
simple-websocket==1.1.0
    # via flask-sock
six==1.16.0
    # via cf-calls-getstreamio
urllib3==2.2.3
    # via requests
werkzeug==3.0.4
    # via flask
wsproto==1.2.0
    # via simple-websocket
